// !$*UTF8*$!
{
	archiveVersion = 1;
	classes = {
	};
	objectVersion = 56;
	objects = {

/* Begin PBXBuildFile section */
		01F1ED2129BE729D002D98D4 /* AppDelegate.swift in Sources */ = {isa = PBXBuildFile; fileRef = 01F1ED2029BE729D002D98D4 /* AppDelegate.swift */; };
		01F1ED2B29BE729D002D98D4 /* LearningCoreData.xcdatamodeld in Sources */ = {isa = PBXBuildFile; fileRef = 01F1ED2929BE729D002D98D4 /* LearningCoreData.xcdatamodeld */; };
		01F1ED2D29BE729D002D98D4 /* Assets.xcassets in Resources */ = {isa = PBXBuildFile; fileRef = 01F1ED2C29BE729D002D98D4 /* Assets.xcassets */; };
		01F1ED3029BE729D002D98D4 /* LaunchScreen.storyboard in Resources */ = {isa = PBXBuildFile; fileRef = 01F1ED2E29BE729D002D98D4 /* LaunchScreen.storyboard */; };
		01F1ED3B29BE729D002D98D4 /* LearningCoreDataTests.swift in Sources */ = {isa = PBXBuildFile; fileRef = 01F1ED3A29BE729D002D98D4 /* LearningCoreDataTests.swift */; };
		01F1ED5429BEA97F002D98D4 /* MainView.swift in Sources */ = {isa = PBXBuildFile; fileRef = 01F1ED5329BEA97F002D98D4 /* MainView.swift */; };
		01F1ED5629BEACFE002D98D4 /* main.swift in Sources */ = {isa = PBXBuildFile; fileRef = 01F1ED5529BEACFE002D98D4 /* main.swift */; };
		01F1ED5829BEADE3002D98D4 /* TestAppDelegate.swift in Sources */ = {isa = PBXBuildFile; fileRef = 01F1ED5729BEADE3002D98D4 /* TestAppDelegate.swift */; };
/* End PBXBuildFile section */

/* Begin PBXContainerItemProxy section */
		01F1ED3729BE729D002D98D4 /* PBXContainerItemProxy */ = {
			isa = PBXContainerItemProxy;
			containerPortal = 01F1ED1529BE729D002D98D4 /* Project object */;
			proxyType = 1;
			remoteGlobalIDString = 01F1ED1C29BE729D002D98D4;
			remoteInfo = LearningCoreData;
		};
/* End PBXContainerItemProxy section */

/* Begin PBXFileReference section */
		01F1ED1D29BE729D002D98D4 /* LearningCoreData.app */ = {isa = PBXFileReference; explicitFileType = wrapper.application; includeInIndex = 0; path = LearningCoreData.app; sourceTree = BUILT_PRODUCTS_DIR; };
		01F1ED2029BE729D002D98D4 /* AppDelegate.swift */ = {isa = PBXFileReference; lastKnownFileType = sourcecode.swift; path = AppDelegate.swift; sourceTree = "<group>"; };
		01F1ED2A29BE729D002D98D4 /* LearningCoreData.xcdatamodel */ = {isa = PBXFileReference; lastKnownFileType = wrapper.xcdatamodel; path = LearningCoreData.xcdatamodel; sourceTree = "<group>"; };
		01F1ED2C29BE729D002D98D4 /* Assets.xcassets */ = {isa = PBXFileReference; lastKnownFileType = folder.assetcatalog; path = Assets.xcassets; sourceTree = "<group>"; };
		01F1ED2F29BE729D002D98D4 /* Base */ = {isa = PBXFileReference; lastKnownFileType = file.storyboard; name = Base; path = Base.lproj/LaunchScreen.storyboard; sourceTree = "<group>"; };
		01F1ED3129BE729D002D98D4 /* Info.plist */ = {isa = PBXFileReference; lastKnownFileType = text.plist.xml; path = Info.plist; sourceTree = "<group>"; };
		01F1ED3629BE729D002D98D4 /* LearningCoreDataTests.xctest */ = {isa = PBXFileReference; explicitFileType = wrapper.cfbundle; includeInIndex = 0; path = LearningCoreDataTests.xctest; sourceTree = BUILT_PRODUCTS_DIR; };
		01F1ED3A29BE729D002D98D4 /* LearningCoreDataTests.swift */ = {isa = PBXFileReference; lastKnownFileType = sourcecode.swift; path = LearningCoreDataTests.swift; sourceTree = "<group>"; };
		01F1ED5329BEA97F002D98D4 /* MainView.swift */ = {isa = PBXFileReference; lastKnownFileType = sourcecode.swift; path = MainView.swift; sourceTree = "<group>"; };
		01F1ED5529BEACFE002D98D4 /* main.swift */ = {isa = PBXFileReference; lastKnownFileType = sourcecode.swift; path = main.swift; sourceTree = "<group>"; };
		01F1ED5729BEADE3002D98D4 /* TestAppDelegate.swift */ = {isa = PBXFileReference; lastKnownFileType = sourcecode.swift; path = TestAppDelegate.swift; sourceTree = "<group>"; };
/* End PBXFileReference section */

/* Begin PBXFrameworksBuildPhase section */
		01F1ED1A29BE729D002D98D4 /* Frameworks */ = {
			isa = PBXFrameworksBuildPhase;
			buildActionMask = 2147483647;
			files = (
			);
			runOnlyForDeploymentPostprocessing = 0;
		};
		01F1ED3329BE729D002D98D4 /* Frameworks */ = {
			isa = PBXFrameworksBuildPhase;
			buildActionMask = 2147483647;
			files = (
			);
			runOnlyForDeploymentPostprocessing = 0;
		};
/* End PBXFrameworksBuildPhase section */

/* Begin PBXGroup section */
		01F1ED1429BE729D002D98D4 = {
			isa = PBXGroup;
			children = (
				01F1ED1F29BE729D002D98D4 /* LearningCoreData */,
				01F1ED3929BE729D002D98D4 /* LearningCoreDataTests */,
				01F1ED1E29BE729D002D98D4 /* Products */,
			);
			sourceTree = "<group>";
		};
		01F1ED1E29BE729D002D98D4 /* Products */ = {
			isa = PBXGroup;
			children = (
				01F1ED1D29BE729D002D98D4 /* LearningCoreData.app */,
				01F1ED3629BE729D002D98D4 /* LearningCoreDataTests.xctest */,
			);
			name = Products;
			sourceTree = "<group>";
		};
		01F1ED1F29BE729D002D98D4 /* LearningCoreData */ = {
			isa = PBXGroup;
			children = (
				01F1ED3129BE729D002D98D4 /* Info.plist */,
				01F1ED2E29BE729D002D98D4 /* LaunchScreen.storyboard */,
				01F1ED2C29BE729D002D98D4 /* Assets.xcassets */,
				01F1ED2929BE729D002D98D4 /* LearningCoreData.xcdatamodeld */,
				01F1ED5529BEACFE002D98D4 /* main.swift */,
				01F1ED2029BE729D002D98D4 /* AppDelegate.swift */,
				01F1ED5329BEA97F002D98D4 /* MainView.swift */,
			);
			path = LearningCoreData;
			sourceTree = "<group>";
		};
		01F1ED3929BE729D002D98D4 /* LearningCoreDataTests */ = {
			isa = PBXGroup;
			children = (
				01F1ED3A29BE729D002D98D4 /* LearningCoreDataTests.swift */,
				01F1ED5729BEADE3002D98D4 /* TestAppDelegate.swift */,
			);
			path = LearningCoreDataTests;
			sourceTree = "<group>";
		};
/* End PBXGroup section */

/* Begin PBXNativeTarget section */
		01F1ED1C29BE729D002D98D4 /* LearningCoreData */ = {
			isa = PBXNativeTarget;
			buildConfigurationList = 01F1ED4A29BE729D002D98D4 /* Build configuration list for PBXNativeTarget "LearningCoreData" */;
			buildPhases = (
				01F1ED1929BE729D002D98D4 /* Sources */,
				01F1ED1A29BE729D002D98D4 /* Frameworks */,
				01F1ED1B29BE729D002D98D4 /* Resources */,
			);
			buildRules = (
			);
			dependencies = (
			);
			name = LearningCoreData;
			productName = LearningCoreData;
			productReference = 01F1ED1D29BE729D002D98D4 /* LearningCoreData.app */;
			productType = "com.apple.product-type.application";
		};
		01F1ED3529BE729D002D98D4 /* LearningCoreDataTests */ = {
			isa = PBXNativeTarget;
			buildConfigurationList = 01F1ED4D29BE729D002D98D4 /* Build configuration list for PBXNativeTarget "LearningCoreDataTests" */;
			buildPhases = (
				01F1ED3229BE729D002D98D4 /* Sources */,
				01F1ED3329BE729D002D98D4 /* Frameworks */,
				01F1ED3429BE729D002D98D4 /* Resources */,
			);
			buildRules = (
			);
			dependencies = (
				01F1ED3829BE729D002D98D4 /* PBXTargetDependency */,
			);
			name = LearningCoreDataTests;
			productName = LearningCoreDataTests;
			productReference = 01F1ED3629BE729D002D98D4 /* LearningCoreDataTests.xctest */;
			productType = "com.apple.product-type.bundle.unit-test";
		};
/* End PBXNativeTarget section */

/* Begin PBXProject section */
		01F1ED1529BE729D002D98D4 /* Project object */ = {
			isa = PBXProject;
			attributes = {
				BuildIndependentTargetsInParallel = 1;
				LastSwiftUpdateCheck = 1420;
				LastUpgradeCheck = 1420;
				TargetAttributes = {
					01F1ED1C29BE729D002D98D4 = {
						CreatedOnToolsVersion = 14.2;
					};
					01F1ED3529BE729D002D98D4 = {
						CreatedOnToolsVersion = 14.2;
						TestTargetID = 01F1ED1C29BE729D002D98D4;
					};
				};
			};
			buildConfigurationList = 01F1ED1829BE729D002D98D4 /* Build configuration list for PBXProject "LearningCoreData" */;
			compatibilityVersion = "Xcode 14.0";
			developmentRegion = en;
			hasScannedForEncodings = 0;
			knownRegions = (
				en,
				Base,
			);
			mainGroup = 01F1ED1429BE729D002D98D4;
			productRefGroup = 01F1ED1E29BE729D002D98D4 /* Products */;
			projectDirPath = "";
			projectRoot = "";
			targets = (
				01F1ED1C29BE729D002D98D4 /* LearningCoreData */,
				01F1ED3529BE729D002D98D4 /* LearningCoreDataTests */,
			);
		};
/* End PBXProject section */

/* Begin PBXResourcesBuildPhase section */
		01F1ED1B29BE729D002D98D4 /* Resources */ = {
			isa = PBXResourcesBuildPhase;
			buildActionMask = 2147483647;
			files = (
				01F1ED3029BE729D002D98D4 /* LaunchScreen.storyboard in Resources */,
				01F1ED2D29BE729D002D98D4 /* Assets.xcassets in Resources */,
			);
			runOnlyForDeploymentPostprocessing = 0;
		};
		01F1ED3429BE729D002D98D4 /* Resources */ = {
			isa = PBXResourcesBuildPhase;
			buildActionMask = 2147483647;
			files = (
			);
			runOnlyForDeploymentPostprocessing = 0;
		};
/* End PBXResourcesBuildPhase section */

/* Begin PBXSourcesBuildPhase section */
		01F1ED1929BE729D002D98D4 /* Sources */ = {
			isa = PBXSourcesBuildPhase;
			buildActionMask = 2147483647;
			files = (
				01F1ED2B29BE729D002D98D4 /* LearningCoreData.xcdatamodeld in Sources */,
				01F1ED5429BEA97F002D98D4 /* MainView.swift in Sources */,
				01F1ED5629BEACFE002D98D4 /* main.swift in Sources */,
				01F1ED2129BE729D002D98D4 /* AppDelegate.swift in Sources */,
			);
			runOnlyForDeploymentPostprocessing = 0;
		};
		01F1ED3229BE729D002D98D4 /* Sources */ = {
			isa = PBXSourcesBuildPhase;
			buildActionMask = 2147483647;
			files = (
				01F1ED5829BEADE3002D98D4 /* TestAppDelegate.swift in Sources */,
				01F1ED3B29BE729D002D98D4 /* LearningCoreDataTests.swift in Sources */,
			);
			runOnlyForDeploymentPostprocessing = 0;
		};
/* End PBXSourcesBuildPhase section */

/* Begin PBXTargetDependency section */
		01F1ED3829BE729D002D98D4 /* PBXTargetDependency */ = {
			isa = PBXTargetDependency;
			target = 01F1ED1C29BE729D002D98D4 /* LearningCoreData */;
			targetProxy = 01F1ED3729BE729D002D98D4 /* PBXContainerItemProxy */;
		};
/* End PBXTargetDependency section */

/* Begin PBXVariantGroup section */
		01F1ED2E29BE729D002D98D4 /* LaunchScreen.storyboard */ = {
			isa = PBXVariantGroup;
			children = (
				01F1ED2F29BE729D002D98D4 /* Base */,
			);
			name = LaunchScreen.storyboard;
			sourceTree = "<group>";
		};
/* End PBXVariantGroup section */

/* Begin XCBuildConfiguration section */
		01F1ED4829BE729D002D98D4 /* Debug */ = {
			isa = XCBuildConfiguration;
			buildSettings = {
				ALWAYS_SEARCH_USER_PATHS = NO;
				CLANG_ANALYZER_NONNULL = YES;
				CLANG_ANALYZER_NUMBER_OBJECT_CONVERSION = YES_AGGRESSIVE;
				CLANG_CXX_LANGUAGE_STANDARD = "gnu++20";
				CLANG_ENABLE_MODULES = YES;
				CLANG_ENABLE_OBJC_ARC = YES;
				CLANG_ENABLE_OBJC_WEAK = YES;
				CLANG_WARN_BLOCK_CAPTURE_AUTORELEASING = YES;
				CLANG_WARN_BOOL_CONVERSION = YES;
				CLANG_WARN_COMMA = YES;
				CLANG_WARN_CONSTANT_CONVERSION = YES;
				CLANG_WARN_DEPRECATED_OBJC_IMPLEMENTATIONS = YES;
				CLANG_WARN_DIRECT_OBJC_ISA_USAGE = YES_ERROR;
				CLANG_WARN_DOCUMENTATION_COMMENTS = YES;
				CLANG_WARN_EMPTY_BODY = YES;
				CLANG_WARN_ENUM_CONVERSION = YES;
				CLANG_WARN_INFINITE_RECURSION = YES;
				CLANG_WARN_INT_CONVERSION = YES;
				CLANG_WARN_NON_LITERAL_NULL_CONVERSION = YES;
				CLANG_WARN_OBJC_IMPLICIT_RETAIN_SELF = YES;
				CLANG_WARN_OBJC_LITERAL_CONVERSION = YES;
				CLANG_WARN_OBJC_ROOT_CLASS = YES_ERROR;
				CLANG_WARN_QUOTED_INCLUDE_IN_FRAMEWORK_HEADER = YES;
				CLANG_WARN_RANGE_LOOP_ANALYSIS = YES;
				CLANG_WARN_STRICT_PROTOTYPES = YES;
				CLANG_WARN_SUSPICIOUS_MOVE = YES;
				CLANG_WARN_UNGUARDED_AVAILABILITY = YES_AGGRESSIVE;
				CLANG_WARN_UNREACHABLE_CODE = YES;
				CLANG_WARN__DUPLICATE_METHOD_MATCH = YES;
				COPY_PHASE_STRIP = NO;
				DEBUG_INFORMATION_FORMAT = dwarf;
				ENABLE_STRICT_OBJC_MSGSEND = YES;
				ENABLE_TESTABILITY = YES;
				GCC_C_LANGUAGE_STANDARD = gnu11;
				GCC_DYNAMIC_NO_PIC = NO;
				GCC_NO_COMMON_BLOCKS = YES;
				GCC_OPTIMIZATION_LEVEL = 0;
				GCC_PREPROCESSOR_DEFINITIONS = (
					"DEBUG=1",
					"$(inherited)",
				);
				GCC_WARN_64_TO_32_BIT_CONVERSION = YES;
				GCC_WARN_ABOUT_RETURN_TYPE = YES_ERROR;
				GCC_WARN_UNDECLARED_SELECTOR = YES;
				GCC_WARN_UNINITIALIZED_AUTOS = YES_AGGRESSIVE;
				GCC_WARN_UNUSED_FUNCTION = YES;
				GCC_WARN_UNUSED_VARIABLE = YES;
				IPHONEOS_DEPLOYMENT_TARGET = 16.2;
				MTL_ENABLE_DEBUG_INFO = INCLUDE_SOURCE;
				MTL_FAST_MATH = YES;
				ONLY_ACTIVE_ARCH = YES;
				SDKROOT = iphoneos;
				SWIFT_ACTIVE_COMPILATION_CONDITIONS = DEBUG;
				SWIFT_OPTIMIZATION_LEVEL = "-Onone";
			};
			name = Debug;
		};
		01F1ED4929BE729D002D98D4 /* Release */ = {
			isa = XCBuildConfiguration;
			buildSettings = {
				ALWAYS_SEARCH_USER_PATHS = NO;
				CLANG_ANALYZER_NONNULL = YES;
				CLANG_ANALYZER_NUMBER_OBJECT_CONVERSION = YES_AGGRESSIVE;
				CLANG_CXX_LANGUAGE_STANDARD = "gnu++20";
				CLANG_ENABLE_MODULES = YES;
				CLANG_ENABLE_OBJC_ARC = YES;
				CLANG_ENABLE_OBJC_WEAK = YES;
				CLANG_WARN_BLOCK_CAPTURE_AUTORELEASING = YES;
				CLANG_WARN_BOOL_CONVERSION = YES;
				CLANG_WARN_COMMA = YES;
				CLANG_WARN_CONSTANT_CONVERSION = YES;
				CLANG_WARN_DEPRECATED_OBJC_IMPLEMENTATIONS = YES;
				CLANG_WARN_DIRECT_OBJC_ISA_USAGE = YES_ERROR;
				CLANG_WARN_DOCUMENTATION_COMMENTS = YES;
				CLANG_WARN_EMPTY_BODY = YES;
				CLANG_WARN_ENUM_CONVERSION = YES;
				CLANG_WARN_INFINITE_RECURSION = YES;
				CLANG_WARN_INT_CONVERSION = YES;
				CLANG_WARN_NON_LITERAL_NULL_CONVERSION = YES;
				CLANG_WARN_OBJC_IMPLICIT_RETAIN_SELF = YES;
				CLANG_WARN_OBJC_LITERAL_CONVERSION = YES;
				CLANG_WARN_OBJC_ROOT_CLASS = YES_ERROR;
				CLANG_WARN_QUOTED_INCLUDE_IN_FRAMEWORK_HEADER = YES;
				CLANG_WARN_RANGE_LOOP_ANALYSIS = YES;
				CLANG_WARN_STRICT_PROTOTYPES = YES;
				CLANG_WARN_SUSPICIOUS_MOVE = YES;
				CLANG_WARN_UNGUARDED_AVAILABILITY = YES_AGGRESSIVE;
				CLANG_WARN_UNREACHABLE_CODE = YES;
				CLANG_WARN__DUPLICATE_METHOD_MATCH = YES;
				COPY_PHASE_STRIP = NO;
				DEBUG_INFORMATION_FORMAT = "dwarf-with-dsym";
				ENABLE_NS_ASSERTIONS = NO;
				ENABLE_STRICT_OBJC_MSGSEND = YES;
				GCC_C_LANGUAGE_STANDARD = gnu11;
				GCC_NO_COMMON_BLOCKS = YES;
				GCC_WARN_64_TO_32_BIT_CONVERSION = YES;
				GCC_WARN_ABOUT_RETURN_TYPE = YES_ERROR;
				GCC_WARN_UNDECLARED_SELECTOR = YES;
				GCC_WARN_UNINITIALIZED_AUTOS = YES_AGGRESSIVE;
				GCC_WARN_UNUSED_FUNCTION = YES;
				GCC_WARN_UNUSED_VARIABLE = YES;
				IPHONEOS_DEPLOYMENT_TARGET = 16.2;
				MTL_ENABLE_DEBUG_INFO = NO;
				MTL_FAST_MATH = YES;
				SDKROOT = iphoneos;
				SWIFT_COMPILATION_MODE = wholemodule;
				SWIFT_OPTIMIZATION_LEVEL = "-O";
				VALIDATE_PRODUCT = YES;
			};
			name = Release;
		};
		01F1ED4B29BE729D002D98D4 /* Debug */ = {
			isa = XCBuildConfiguration;
			buildSettings = {
				ASSETCATALOG_COMPILER_APPICON_NAME = AppIcon;
				ASSETCATALOG_COMPILER_GLOBAL_ACCENT_COLOR_NAME = AccentColor;
				CODE_SIGN_STYLE = Automatic;
				CURRENT_PROJECT_VERSION = 1;
				DEVELOPMENT_TEAM = JN9HYMVTYY;
				GENERATE_INFOPLIST_FILE = YES;
				INFOPLIST_FILE = LearningCoreData/Info.plist;
				INFOPLIST_KEY_UIApplicationSupportsIndirectInputEvents = YES;
				INFOPLIST_KEY_UILaunchStoryboardName = LaunchScreen;
				INFOPLIST_KEY_UIMainStoryboardFile = "";
				INFOPLIST_KEY_UISupportedInterfaceOrientations_iPad = "UIInterfaceOrientationPortrait UIInterfaceOrientationPortraitUpsideDown UIInterfaceOrientationLandscapeLeft UIInterfaceOrientationLandscapeRight";
				INFOPLIST_KEY_UISupportedInterfaceOrientations_iPhone = "UIInterfaceOrientationPortrait UIInterfaceOrientationLandscapeLeft UIInterfaceOrientationLandscapeRight";
				LD_RUNPATH_SEARCH_PATHS = (
					"$(inherited)",
					"@executable_path/Frameworks",
				);
				MARKETING_VERSION = 1.0;
				PRODUCT_BUNDLE_IDENTIFIER = com.funestech.LearningCoreData;
				PRODUCT_NAME = "$(TARGET_NAME)";
				SWIFT_EMIT_LOC_STRINGS = YES;
				SWIFT_VERSION = 5.0;
				TARGETED_DEVICE_FAMILY = "1,2";
			};
			name = Debug;
		};
		01F1ED4C29BE729D002D98D4 /* Release */ = {
			isa = XCBuildConfiguration;
			buildSettings = {
				ASSETCATALOG_COMPILER_APPICON_NAME = AppIcon;
				ASSETCATALOG_COMPILER_GLOBAL_ACCENT_COLOR_NAME = AccentColor;
				CODE_SIGN_STYLE = Automatic;
				CURRENT_PROJECT_VERSION = 1;
				DEVELOPMENT_TEAM = JN9HYMVTYY;
				GENERATE_INFOPLIST_FILE = YES;
				INFOPLIST_FILE = LearningCoreData/Info.plist;
				INFOPLIST_KEY_UIApplicationSupportsIndirectInputEvents = YES;
				INFOPLIST_KEY_UILaunchStoryboardName = LaunchScreen;
				INFOPLIST_KEY_UIMainStoryboardFile = "";
				INFOPLIST_KEY_UISupportedInterfaceOrientations_iPad = "UIInterfaceOrientationPortrait UIInterfaceOrientationPortraitUpsideDown UIInterfaceOrientationLandscapeLeft UIInterfaceOrientationLandscapeRight";
				INFOPLIST_KEY_UISupportedInterfaceOrientations_iPhone = "UIInterfaceOrientationPortrait UIInterfaceOrientationLandscapeLeft UIInterfaceOrientationLandscapeRight";
				LD_RUNPATH_SEARCH_PATHS = (
					"$(inherited)",
					"@executable_path/Frameworks",
				);
				MARKETING_VERSION = 1.0;
				PRODUCT_BUNDLE_IDENTIFIER = com.funestech.LearningCoreData;
				PRODUCT_NAME = "$(TARGET_NAME)";
				SWIFT_EMIT_LOC_STRINGS = YES;
				SWIFT_VERSION = 5.0;
				TARGETED_DEVICE_FAMILY = "1,2";
			};
			name = Release;
		};
		01F1ED4E29BE729D002D98D4 /* Debug */ = {
			isa = XCBuildConfiguration;
			buildSettings = {
				ALWAYS_EMBED_SWIFT_STANDARD_LIBRARIES = YES;
				BUNDLE_LOADER = "$(TEST_HOST)";
				CODE_SIGN_STYLE = Automatic;
				CURRENT_PROJECT_VERSION = 1;
				DEVELOPMENT_TEAM = JN9HYMVTYY;
				GENERATE_INFOPLIST_FILE = YES;
				IPHONEOS_DEPLOYMENT_TARGET = 16.2;
				MARKETING_VERSION = 1.0;
				PRODUCT_BUNDLE_IDENTIFIER = com.funestech.LearningCoreDataTests;
				PRODUCT_NAME = "$(TARGET_NAME)";
				SWIFT_EMIT_LOC_STRINGS = NO;
				SWIFT_VERSION = 5.0;
				TARGETED_DEVICE_FAMILY = "1,2";
				TEST_HOST = "$(BUILT_PRODUCTS_DIR)/LearningCoreData.app/$(BUNDLE_EXECUTABLE_FOLDER_PATH)/LearningCoreData";
			};
			name = Debug;
		};
		01F1ED4F29BE729D002D98D4 /* Release */ = {
			isa = XCBuildConfiguration;
			buildSettings = {
				ALWAYS_EMBED_SWIFT_STANDARD_LIBRARIES = YES;
				BUNDLE_LOADER = "$(TEST_HOST)";
				CODE_SIGN_STYLE = Automatic;
				CURRENT_PROJECT_VERSION = 1;
				DEVELOPMENT_TEAM = JN9HYMVTYY;
				GENERATE_INFOPLIST_FILE = YES;
				IPHONEOS_DEPLOYMENT_TARGET = 16.2;
				MARKETING_VERSION = 1.0;
				PRODUCT_BUNDLE_IDENTIFIER = com.funestech.LearningCoreDataTests;
				PRODUCT_NAME = "$(TARGET_NAME)";
				SWIFT_EMIT_LOC_STRINGS = NO;
				SWIFT_VERSION = 5.0;
				TARGETED_DEVICE_FAMILY = "1,2";
				TEST_HOST = "$(BUILT_PRODUCTS_DIR)/LearningCoreData.app/$(BUNDLE_EXECUTABLE_FOLDER_PATH)/LearningCoreData";
			};
			name = Release;
		};
/* End XCBuildConfiguration section */

/* Begin XCConfigurationList section */
		01F1ED1829BE729D002D98D4 /* Build configuration list for PBXProject "LearningCoreData" */ = {
			isa = XCConfigurationList;
			buildConfigurations = (
				01F1ED4829BE729D002D98D4 /* Debug */,
				01F1ED4929BE729D002D98D4 /* Release */,
			);
			defaultConfigurationIsVisible = 0;
			defaultConfigurationName = Release;
		};
		01F1ED4A29BE729D002D98D4 /* Build configuration list for PBXNativeTarget "LearningCoreData" */ = {
			isa = XCConfigurationList;
			buildConfigurations = (
				01F1ED4B29BE729D002D98D4 /* Debug */,
				01F1ED4C29BE729D002D98D4 /* Release */,
			);
			defaultConfigurationIsVisible = 0;
			defaultConfigurationName = Release;
		};
		01F1ED4D29BE729D002D98D4 /* Build configuration list for PBXNativeTarget "LearningCoreDataTests" */ = {
			isa = XCConfigurationList;
			buildConfigurations = (
				01F1ED4E29BE729D002D98D4 /* Debug */,
				01F1ED4F29BE729D002D98D4 /* Release */,
			);
			defaultConfigurationIsVisible = 0;
			defaultConfigurationName = Release;
		};
/* End XCConfigurationList section */

/* Begin XCVersionGroup section */
		01F1ED2929BE729D002D98D4 /* LearningCoreData.xcdatamodeld */ = {
			isa = XCVersionGroup;
			children = (
				01F1ED2A29BE729D002D98D4 /* LearningCoreData.xcdatamodel */,
			);
			currentVersion = 01F1ED2A29BE729D002D98D4 /* LearningCoreData.xcdatamodel */;
			path = LearningCoreData.xcdatamodeld;
			sourceTree = "<group>";
			versionGroupType = wrapper.xcdatamodel;
		};
/* End XCVersionGroup section */
	};
	rootObject = 01F1ED1529BE729D002D98D4 /* Project object */;
}
